// !$*UTF8*$!
{
	archiveVersion = 1;
	classes = {
	};
	objectVersion = 50;
	objects = {

/* Begin PBXBuildFile section */
		B31E677620BEE9DE006A4F0B /* AppDelegate.swift in Sources */ = {isa = PBXBuildFile; fileRef = B31E677520BEE9DE006A4F0B /* AppDelegate.swift */; };
		B31E677820BEE9DE006A4F0B /* ViewController.swift in Sources */ = {isa = PBXBuildFile; fileRef = B31E677720BEE9DE006A4F0B /* ViewController.swift */; };
		B31E677B20BEE9DE006A4F0B /* Main.storyboard in Resources */ = {isa = PBXBuildFile; fileRef = B31E677920BEE9DE006A4F0B /* Main.storyboard */; };
		B31E677D20BEE9DF006A4F0B /* Assets.xcassets in Resources */ = {isa = PBXBuildFile; fileRef = B31E677C20BEE9DF006A4F0B /* Assets.xcassets */; };
		B31E678020BEE9E0006A4F0B /* LaunchScreen.storyboard in Resources */ = {isa = PBXBuildFile; fileRef = B31E677E20BEE9E0006A4F0B /* LaunchScreen.storyboard */; };
		B31E678B20BEE9E0006A4F0B /* _01ListTests.swift in Sources */ = {isa = PBXBuildFile; fileRef = B31E678A20BEE9E0006A4F0B /* _01ListTests.swift */; };
		B31E679620BEE9E0006A4F0B /* _01ListUITests.swift in Sources */ = {isa = PBXBuildFile; fileRef = B31E679520BEE9E0006A4F0B /* _01ListUITests.swift */; };
		B31E67A420BEEA6C006A4F0B /* HoriziontalltemList.swift in Sources */ = {isa = PBXBuildFile; fileRef = B31E67A320BEEA6C006A4F0B /* HoriziontalltemList.swift */; };
/* End PBXBuildFile section */

/* Begin PBXContainerItemProxy section */
		B31E678720BEE9E0006A4F0B /* PBXContainerItemProxy */ = {
			isa = PBXContainerItemProxy;
			containerPortal = B31E676A20BEE9DD006A4F0B /* Project object */;
			proxyType = 1;
			remoteGlobalIDString = B31E677120BEE9DE006A4F0B;
			remoteInfo = 101List;
		};
		B31E679220BEE9E0006A4F0B /* PBXContainerItemProxy */ = {
			isa = PBXContainerItemProxy;
			containerPortal = B31E676A20BEE9DD006A4F0B /* Project object */;
			proxyType = 1;
			remoteGlobalIDString = B31E677120BEE9DE006A4F0B;
			remoteInfo = 101List;
		};
/* End PBXContainerItemProxy section */

/* Begin PBXFileReference section */
		B31E677220BEE9DE006A4F0B /* 101List.app */ = {isa = PBXFileReference; explicitFileType = wrapper.application; includeInIndex = 0; path = 101List.app; sourceTree = BUILT_PRODUCTS_DIR; };
		B31E677520BEE9DE006A4F0B /* AppDelegate.swift */ = {isa = PBXFileReference; lastKnownFileType = sourcecode.swift; path = AppDelegate.swift; sourceTree = "<group>"; };
		B31E677720BEE9DE006A4F0B /* ViewController.swift */ = {isa = PBXFileReference; lastKnownFileType = sourcecode.swift; path = ViewController.swift; sourceTree = "<group>"; };
		B31E677A20BEE9DE006A4F0B /* Base */ = {isa = PBXFileReference; lastKnownFileType = file.storyboard; name = Base; path = Base.lproj/Main.storyboard; sourceTree = "<group>"; };
		B31E677C20BEE9DF006A4F0B /* Assets.xcassets */ = {isa = PBXFileReference; lastKnownFileType = folder.assetcatalog; path = Assets.xcassets; sourceTree = "<group>"; };
		B31E677F20BEE9E0006A4F0B /* Base */ = {isa = PBXFileReference; lastKnownFileType = file.storyboard; name = Base; path = Base.lproj/LaunchScreen.storyboard; sourceTree = "<group>"; };
		B31E678120BEE9E0006A4F0B /* Info.plist */ = {isa = PBXFileReference; lastKnownFileType = text.plist.xml; path = Info.plist; sourceTree = "<group>"; };
		B31E678620BEE9E0006A4F0B /* 101ListTests.xctest */ = {isa = PBXFileReference; explicitFileType = wrapper.cfbundle; includeInIndex = 0; path = 101ListTests.xctest; sourceTree = BUILT_PRODUCTS_DIR; };
		B31E678A20BEE9E0006A4F0B /* _01ListTests.swift */ = {isa = PBXFileReference; lastKnownFileType = sourcecode.swift; path = _01ListTests.swift; sourceTree = "<group>"; };
		B31E678C20BEE9E0006A4F0B /* Info.plist */ = {isa = PBXFileReference; lastKnownFileType = text.plist.xml; path = Info.plist; sourceTree = "<group>"; };
		B31E679120BEE9E0006A4F0B /* 101ListUITests.xctest */ = {isa = PBXFileReference; explicitFileType = wrapper.cfbundle; includeInIndex = 0; path = 101ListUITests.xctest; sourceTree = BUILT_PRODUCTS_DIR; };
		B31E679520BEE9E0006A4F0B /* _01ListUITests.swift */ = {isa = PBXFileReference; lastKnownFileType = sourcecode.swift; path = _01ListUITests.swift; sourceTree = "<group>"; };
		B31E679720BEE9E0006A4F0B /* Info.plist */ = {isa = PBXFileReference; lastKnownFileType = text.plist.xml; path = Info.plist; sourceTree = "<group>"; };
		B31E67A320BEEA6C006A4F0B /* HoriziontalltemList.swift */ = {isa = PBXFileReference; lastKnownFileType = sourcecode.swift; path = HoriziontalltemList.swift; sourceTree = "<group>"; };
/* End PBXFileReference section */

/* Begin PBXFrameworksBuildPhase section */
		B31E676F20BEE9DE006A4F0B /* Frameworks */ = {
			isa = PBXFrameworksBuildPhase;
			buildActionMask = 2147483647;
			files = (
			);
			runOnlyForDeploymentPostprocessing = 0;
		};
		B31E678320BEE9E0006A4F0B /* Frameworks */ = {
			isa = PBXFrameworksBuildPhase;
			buildActionMask = 2147483647;
			files = (
			);
			runOnlyForDeploymentPostprocessing = 0;
		};
		B31E678E20BEE9E0006A4F0B /* Frameworks */ = {
			isa = PBXFrameworksBuildPhase;
			buildActionMask = 2147483647;
			files = (
			);
			runOnlyForDeploymentPostprocessing = 0;
		};
/* End PBXFrameworksBuildPhase section */

/* Begin PBXGroup section */
		B31E676920BEE9DD006A4F0B = {
			isa = PBXGroup;
			children = (
				B31E677420BEE9DE006A4F0B /* 101List */,
				B31E678920BEE9E0006A4F0B /* 101ListTests */,
				B31E679420BEE9E0006A4F0B /* 101ListUITests */,
				B31E677320BEE9DE006A4F0B /* Products */,
			);
			sourceTree = "<group>";
		};
		B31E677320BEE9DE006A4F0B /* Products */ = {
			isa = PBXGroup;
			children = (
				B31E677220BEE9DE006A4F0B /* 101List.app */,
				B31E678620BEE9E0006A4F0B /* 101ListTests.xctest */,
				B31E679120BEE9E0006A4F0B /* 101ListUITests.xctest */,
			);
			name = Products;
			sourceTree = "<group>";
		};
		B31E677420BEE9DE006A4F0B /* 101List */ = {
			isa = PBXGroup;
			children = (
				B31E677520BEE9DE006A4F0B /* AppDelegate.swift */,
				B31E677720BEE9DE006A4F0B /* ViewController.swift */,
				B31E67A320BEEA6C006A4F0B /* HoriziontalltemList.swift */,
				B31E677920BEE9DE006A4F0B /* Main.storyboard */,
				B31E677C20BEE9DF006A4F0B /* Assets.xcassets */,
				B31E677E20BEE9E0006A4F0B /* LaunchScreen.storyboard */,
				B31E678120BEE9E0006A4F0B /* Info.plist */,
			);
			path = 101List;
			sourceTree = "<group>";
		};
		B31E678920BEE9E0006A4F0B /* 101ListTests */ = {
			isa = PBXGroup;
			children = (
				B31E678A20BEE9E0006A4F0B /* _01ListTests.swift */,
				B31E678C20BEE9E0006A4F0B /* Info.plist */,
			);
			path = 101ListTests;
			sourceTree = "<group>";
		};
		B31E679420BEE9E0006A4F0B /* 101ListUITests */ = {
			isa = PBXGroup;
			children = (
				B31E679520BEE9E0006A4F0B /* _01ListUITests.swift */,
				B31E679720BEE9E0006A4F0B /* Info.plist */,
			);
			path = 101ListUITests;
			sourceTree = "<group>";
		};
/* End PBXGroup section */

/* Begin PBXNativeTarget section */
		B31E677120BEE9DE006A4F0B /* 101List */ = {
			isa = PBXNativeTarget;
			buildConfigurationList = B31E679A20BEE9E0006A4F0B /* Build configuration list for PBXNativeTarget "101List" */;
			buildPhases = (
				B31E676E20BEE9DE006A4F0B /* Sources */,
				B31E676F20BEE9DE006A4F0B /* Frameworks */,
				B31E677020BEE9DE006A4F0B /* Resources */,
			);
			buildRules = (
			);
			dependencies = (
			);
			name = 101List;
			productName = 101List;
			productReference = B31E677220BEE9DE006A4F0B /* 101List.app */;
			productType = "com.apple.product-type.application";
		};
		B31E678520BEE9E0006A4F0B /* 101ListTests */ = {
			isa = PBXNativeTarget;
			buildConfigurationList = B31E679D20BEE9E0006A4F0B /* Build configuration list for PBXNativeTarget "101ListTests" */;
			buildPhases = (
				B31E678220BEE9E0006A4F0B /* Sources */,
				B31E678320BEE9E0006A4F0B /* Frameworks */,
				B31E678420BEE9E0006A4F0B /* Resources */,
			);
			buildRules = (
			);
			dependencies = (
				B31E678820BEE9E0006A4F0B /* PBXTargetDependency */,
			);
			name = 101ListTests;
			productName = 101ListTests;
			productReference = B31E678620BEE9E0006A4F0B /* 101ListTests.xctest */;
			productType = "com.apple.product-type.bundle.unit-test";
		};
		B31E679020BEE9E0006A4F0B /* 101ListUITests */ = {
			isa = PBXNativeTarget;
			buildConfigurationList = B31E67A020BEE9E0006A4F0B /* Build configuration list for PBXNativeTarget "101ListUITests" */;
			buildPhases = (
				B31E678D20BEE9E0006A4F0B /* Sources */,
				B31E678E20BEE9E0006A4F0B /* Frameworks */,
				B31E678F20BEE9E0006A4F0B /* Resources */,
			);
			buildRules = (
			);
			dependencies = (
				B31E679320BEE9E0006A4F0B /* PBXTargetDependency */,
			);
			name = 101ListUITests;
			productName = 101ListUITests;
			productReference = B31E679120BEE9E0006A4F0B /* 101ListUITests.xctest */;
			productType = "com.apple.product-type.bundle.ui-testing";
		};
/* End PBXNativeTarget section */

/* Begin PBXProject section */
		B31E676A20BEE9DD006A4F0B /* Project object */ = {
			isa = PBXProject;
			attributes = {
				LastSwiftUpdateCheck = 0930;
				LastUpgradeCheck = 0930;
				ORGANIZATIONNAME = Steven;
				TargetAttributes = {
					B31E677120BEE9DE006A4F0B = {
						CreatedOnToolsVersion = 9.3;
					};
					B31E678520BEE9E0006A4F0B = {
						CreatedOnToolsVersion = 9.3;
						TestTargetID = B31E677120BEE9DE006A4F0B;
					};
					B31E679020BEE9E0006A4F0B = {
						CreatedOnToolsVersion = 9.3;
						TestTargetID = B31E677120BEE9DE006A4F0B;
					};
				};
			};
			buildConfigurationList = B31E676D20BEE9DD006A4F0B /* Build configuration list for PBXProject "101List" */;
			compatibilityVersion = "Xcode 9.3";
			developmentRegion = en;
			hasScannedForEncodings = 0;
			knownRegions = (
				en,
				Base,
			);
			mainGroup = B31E676920BEE9DD006A4F0B;
			productRefGroup = B31E677320BEE9DE006A4F0B /* Products */;
			projectDirPath = "";
			projectRoot = "";
			targets = (
				B31E677120BEE9DE006A4F0B /* 101List */,
				B31E678520BEE9E0006A4F0B /* 101ListTests */,
				B31E679020BEE9E0006A4F0B /* 101ListUITests */,
			);
		};
/* End PBXProject section */

/* Begin PBXResourcesBuildPhase section */
		B31E677020BEE9DE006A4F0B /* Resources */ = {
			isa = PBXResourcesBuildPhase;
			buildActionMask = 2147483647;
			files = (
				B31E678020BEE9E0006A4F0B /* LaunchScreen.storyboard in Resources */,
				B31E677D20BEE9DF006A4F0B /* Assets.xcassets in Resources */,
				B31E677B20BEE9DE006A4F0B /* Main.storyboard in Resources */,
			);
			runOnlyForDeploymentPostprocessing = 0;
		};
		B31E678420BEE9E0006A4F0B /* Resources */ = {
			isa = PBXResourcesBuildPhase;
			buildActionMask = 2147483647;
			files = (
			);
			runOnlyForDeploymentPostprocessing = 0;
		};
		B31E678F20BEE9E0006A4F0B /* Resources */ = {
			isa = PBXResourcesBuildPhase;
			buildActionMask = 2147483647;
			files = (
			);
			runOnlyForDeploymentPostprocessing = 0;
		};
/* End PBXResourcesBuildPhase section */

/* Begin PBXSourcesBuildPhase section */
		B31E676E20BEE9DE006A4F0B /* Sources */ = {
			isa = PBXSourcesBuildPhase;
			buildActionMask = 2147483647;
			files = (
				B31E677820BEE9DE006A4F0B /* ViewController.swift in Sources */,
				B31E67A420BEEA6C006A4F0B /* HoriziontalltemList.swift in Sources */,
				B31E677620BEE9DE006A4F0B /* AppDelegate.swift in Sources */,
			);
			runOnlyForDeploymentPostprocessing = 0;
		};
		B31E678220BEE9E0006A4F0B /* Sources */ = {
			isa = PBXSourcesBuildPhase;
			buildActionMask = 2147483647;
			files = (
				B31E678B20BEE9E0006A4F0B /* _01ListTests.swift in Sources */,
			);
			runOnlyForDeploymentPostprocessing = 0;
		};
		B31E678D20BEE9E0006A4F0B /* Sources */ = {
			isa = PBXSourcesBuildPhase;
			buildActionMask = 2147483647;
			files = (
				B31E679620BEE9E0006A4F0B /* _01ListUITests.swift in Sources */,
			);
			runOnlyForDeploymentPostprocessing = 0;
		};
/* End PBXSourcesBuildPhase section */

/* Begin PBXTargetDependency section */
		B31E678820BEE9E0006A4F0B /* PBXTargetDependency */ = {
			isa = PBXTargetDependency;
			target = B31E677120BEE9DE006A4F0B /* 101List */;
			targetProxy = B31E678720BEE9E0006A4F0B /* PBXContainerItemProxy */;
		};
		B31E679320BEE9E0006A4F0B /* PBXTargetDependency */ = {
			isa = PBXTargetDependency;
			target = B31E677120BEE9DE006A4F0B /* 101List */;
			targetProxy = B31E679220BEE9E0006A4F0B /* PBXContainerItemProxy */;
		};
/* End PBXTargetDependency section */

/* Begin PBXVariantGroup section */
		B31E677920BEE9DE006A4F0B /* Main.storyboard */ = {
			isa = PBXVariantGroup;
			children = (
				B31E677A20BEE9DE006A4F0B /* Base */,
			);
			name = Main.storyboard;
			sourceTree = "<group>";
		};
		B31E677E20BEE9E0006A4F0B /* LaunchScreen.storyboard */ = {
			isa = PBXVariantGroup;
			children = (
				B31E677F20BEE9E0006A4F0B /* Base */,
			);
			name = LaunchScreen.storyboard;
			sourceTree = "<group>";
		};
/* End PBXVariantGroup section */

/* Begin XCBuildConfiguration section */
		B31E679820BEE9E0006A4F0B /* Debug */ = {
			isa = XCBuildConfiguration;
			buildSettings = {
				ALWAYS_SEARCH_USER_PATHS = NO;
				CLANG_ANALYZER_NONNULL = YES;
				CLANG_ANALYZER_NUMBER_OBJECT_CONVERSION = YES_AGGRESSIVE;
				CLANG_CXX_LANGUAGE_STANDARD = "gnu++14";
				CLANG_CXX_LIBRARY = "libc++";
				CLANG_ENABLE_MODULES = YES;
				CLANG_ENABLE_OBJC_ARC = YES;
				CLANG_ENABLE_OBJC_WEAK = YES;
				CLANG_WARN_BLOCK_CAPTURE_AUTORELEASING = YES;
				CLANG_WARN_BOOL_CONVERSION = YES;
				CLANG_WARN_COMMA = YES;
				CLANG_WARN_CONSTANT_CONVERSION = YES;
				CLANG_WARN_DEPRECATED_OBJC_IMPLEMENTATIONS = YES;
				CLANG_WARN_DIRECT_OBJC_ISA_USAGE = YES_ERROR;
				CLANG_WARN_DOCUMENTATION_COMMENTS = YES;
				CLANG_WARN_EMPTY_BODY = YES;
				CLANG_WARN_ENUM_CONVERSION = YES;
				CLANG_WARN_INFINITE_RECURSION = YES;
				CLANG_WARN_INT_CONVERSION = YES;
				CLANG_WARN_NON_LITERAL_NULL_CONVERSION = YES;
				CLANG_WARN_OBJC_IMPLICIT_RETAIN_SELF = YES;
				CLANG_WARN_OBJC_LITERAL_CONVERSION = YES;
				CLANG_WARN_OBJC_ROOT_CLASS = YES_ERROR;
				CLANG_WARN_RANGE_LOOP_ANALYSIS = YES;
				CLANG_WARN_STRICT_PROTOTYPES = YES;
				CLANG_WARN_SUSPICIOUS_MOVE = YES;
				CLANG_WARN_UNGUARDED_AVAILABILITY = YES_AGGRESSIVE;
				CLANG_WARN_UNREACHABLE_CODE = YES;
				CLANG_WARN__DUPLICATE_METHOD_MATCH = YES;
				CODE_SIGN_IDENTITY = "iPhone Developer";
				COPY_PHASE_STRIP = NO;
				DEBUG_INFORMATION_FORMAT = dwarf;
				ENABLE_STRICT_OBJC_MSGSEND = YES;
				ENABLE_TESTABILITY = YES;
				GCC_C_LANGUAGE_STANDARD = gnu11;
				GCC_DYNAMIC_NO_PIC = NO;
				GCC_NO_COMMON_BLOCKS = YES;
				GCC_OPTIMIZATION_LEVEL = 0;
				GCC_PREPROCESSOR_DEFINITIONS = (
					"DEBUG=1",
					"$(inherited)",
				);
				GCC_WARN_64_TO_32_BIT_CONVERSION = YES;
				GCC_WARN_ABOUT_RETURN_TYPE = YES_ERROR;
				GCC_WARN_UNDECLARED_SELECTOR = YES;
				GCC_WARN_UNINITIALIZED_AUTOS = YES_AGGRESSIVE;
				GCC_WARN_UNUSED_FUNCTION = YES;
				GCC_WARN_UNUSED_VARIABLE = YES;
				IPHONEOS_DEPLOYMENT_TARGET = 11.3;
				MTL_ENABLE_DEBUG_INFO = YES;
				ONLY_ACTIVE_ARCH = YES;
				SDKROOT = iphoneos;
				SWIFT_ACTIVE_COMPILATION_CONDITIONS = DEBUG;
				SWIFT_OPTIMIZATION_LEVEL = "-Onone";
			};
			name = Debug;
		};
		B31E679920BEE9E0006A4F0B /* Release */ = {
			isa = XCBuildConfiguration;
			buildSettings = {
				ALWAYS_SEARCH_USER_PATHS = NO;
				CLANG_ANALYZER_NONNULL = YES;
				CLANG_ANALYZER_NUMBER_OBJECT_CONVERSION = YES_AGGRESSIVE;
				CLANG_CXX_LANGUAGE_STANDARD = "gnu++14";
				CLANG_CXX_LIBRARY = "libc++";
				CLANG_ENABLE_MODULES = YES;
				CLANG_ENABLE_OBJC_ARC = YES;
				CLANG_ENABLE_OBJC_WEAK = YES;
				CLANG_WARN_BLOCK_CAPTURE_AUTORELEASING = YES;
				CLANG_WARN_BOOL_CONVERSION = YES;
				CLANG_WARN_COMMA = YES;
				CLANG_WARN_CONSTANT_CONVERSION = YES;
				CLANG_WARN_DEPRECATED_OBJC_IMPLEMENTATIONS = YES;
				CLANG_WARN_DIRECT_OBJC_ISA_USAGE = YES_ERROR;
				CLANG_WARN_DOCUMENTATION_COMMENTS = YES;
				CLANG_WARN_EMPTY_BODY = YES;
				CLANG_WARN_ENUM_CONVERSION = YES;
				CLANG_WARN_INFINITE_RECURSION = YES;
				CLANG_WARN_INT_CONVERSION = YES;
				CLANG_WARN_NON_LITERAL_NULL_CONVERSION = YES;
				CLANG_WARN_OBJC_IMPLICIT_RETAIN_SELF = YES;
				CLANG_WARN_OBJC_LITERAL_CONVERSION = YES;
				CLANG_WARN_OBJC_ROOT_CLASS = YES_ERROR;
				CLANG_WARN_RANGE_LOOP_ANALYSIS = YES;
				CLANG_WARN_STRICT_PROTOTYPES = YES;
				CLANG_WARN_SUSPICIOUS_MOVE = YES;
				CLANG_WARN_UNGUARDED_AVAILABILITY = YES_AGGRESSIVE;
				CLANG_WARN_UNREACHABLE_CODE = YES;
				CLANG_WARN__DUPLICATE_METHOD_MATCH = YES;
				CODE_SIGN_IDENTITY = "iPhone Developer";
				COPY_PHASE_STRIP = NO;
				DEBUG_INFORMATION_FORMAT = "dwarf-with-dsym";
				ENABLE_NS_ASSERTIONS = NO;
				ENABLE_STRICT_OBJC_MSGSEND = YES;
				GCC_C_LANGUAGE_STANDARD = gnu11;
				GCC_NO_COMMON_BLOCKS = YES;
				GCC_WARN_64_TO_32_BIT_CONVERSION = YES;
				GCC_WARN_ABOUT_RETURN_TYPE = YES_ERROR;
				GCC_WARN_UNDECLARED_SELECTOR = YES;
				GCC_WARN_UNINITIALIZED_AUTOS = YES_AGGRESSIVE;
				GCC_WARN_UNUSED_FUNCTION = YES;
				GCC_WARN_UNUSED_VARIABLE = YES;
				IPHONEOS_DEPLOYMENT_TARGET = 11.3;
				MTL_ENABLE_DEBUG_INFO = NO;
				SDKROOT = iphoneos;
				SWIFT_COMPILATION_MODE = wholemodule;
				SWIFT_OPTIMIZATION_LEVEL = "-O";
				VALIDATE_PRODUCT = YES;
			};
			name = Release;
		};
		B31E679B20BEE9E0006A4F0B /* Debug */ = {
			isa = XCBuildConfiguration;
			buildSettings = {
				ASSETCATALOG_COMPILER_APPICON_NAME = AppIcon;
				CODE_SIGN_STYLE = Automatic;
				DEVELOPMENT_TEAM = U79C2TD9NB;
				INFOPLIST_FILE = 101List/Info.plist;
				IPHONEOS_DEPLOYMENT_TARGET = 9.0;
				LD_RUNPATH_SEARCH_PATHS = (
					"$(inherited)",
					"@executable_path/Frameworks",
				);
				PRODUCT_BUNDLE_IDENTIFIER = "StevenPersion.-01List";
				PRODUCT_NAME = "$(TARGET_NAME)";
				SWIFT_VERSION = 4.0;
				TARGETED_DEVICE_FAMILY = "1,2";
			};
			name = Debug;
		};
		B31E679C20BEE9E0006A4F0B /* Release */ = {
			isa = XCBuildConfiguration;
			buildSettings = {
				ASSETCATALOG_COMPILER_APPICON_NAME = AppIcon;
				CODE_SIGN_STYLE = Automatic;
				DEVELOPMENT_TEAM = U79C2TD9NB;
				INFOPLIST_FILE = 101List/Info.plist;
				IPHONEOS_DEPLOYMENT_TARGET = 9.0;
				LD_RUNPATH_SEARCH_PATHS = (
					"$(inherited)",
					"@executable_path/Frameworks",
				);
				PRODUCT_BUNDLE_IDENTIFIER = "StevenPersion.-01List";
				PRODUCT_NAME = "$(TARGET_NAME)";
				SWIFT_VERSION = 4.0;
				TARGETED_DEVICE_FAMILY = "1,2";
			};
			name = Release;
		};
		B31E679E20BEE9E0006A4F0B /* Debug */ = {
			isa = XCBuildConfiguration;
			buildSettings = {
				ALWAYS_EMBED_SWIFT_STANDARD_LIBRARIES = YES;
				BUNDLE_LOADER = "$(TEST_HOST)";
				CODE_SIGN_STYLE = Automatic;
				INFOPLIST_FILE = 101ListTests/Info.plist;
				LD_RUNPATH_SEARCH_PATHS = (
					"$(inherited)",
					"@executable_path/Frameworks",
					"@loader_path/Frameworks",
				);
				PRODUCT_BUNDLE_IDENTIFIER = "StevenPersion.-01ListTests";
				PRODUCT_NAME = "$(TARGET_NAME)";
				SWIFT_VERSION = 4.0;
				TARGETED_DEVICE_FAMILY = "1,2";
				TEST_HOST = "$(BUILT_PRODUCTS_DIR)/101List.app/101List";
			};
			name = Debug;
		};
		B31E679F20BEE9E0006A4F0B /* Release */ = {
			isa = XCBuildConfiguration;
			buildSettings = {
				ALWAYS_EMBED_SWIFT_STANDARD_LIBRARIES = YES;
				BUNDLE_LOADER = "$(TEST_HOST)";
				CODE_SIGN_STYLE = Automatic;
				INFOPLIST_FILE = 101ListTests/Info.plist;
				LD_RUNPATH_SEARCH_PATHS = (
					"$(inherited)",
					"@executable_path/Frameworks",
					"@loader_path/Frameworks",
				);
				PRODUCT_BUNDLE_IDENTIFIER = "StevenPersion.-01ListTests";
				PRODUCT_NAME = "$(TARGET_NAME)";
				SWIFT_VERSION = 4.0;
				TARGETED_DEVICE_FAMILY = "1,2";
				TEST_HOST = "$(BUILT_PRODUCTS_DIR)/101List.app/101List";
			};
			name = Release;
		};
		B31E67A120BEE9E0006A4F0B /* Debug */ = {
			isa = XCBuildConfiguration;
			buildSettings = {
				ALWAYS_EMBED_SWIFT_STANDARD_LIBRARIES = YES;
				CODE_SIGN_STYLE = Automatic;
				INFOPLIST_FILE = 101ListUITests/Info.plist;
				LD_RUNPATH_SEARCH_PATHS = (
					"$(inherited)",
					"@executable_path/Frameworks",
					"@loader_path/Frameworks",
				);
				PRODUCT_BUNDLE_IDENTIFIER = "StevenPersion.-01ListUITests";
				PRODUCT_NAME = "$(TARGET_NAME)";
				SWIFT_VERSION = 4.0;
				TARGETED_DEVICE_FAMILY = "1,2";
				TEST_TARGET_NAME = 101List;
			};
			name = Debug;
		};
		B31E67A220BEE9E0006A4F0B /* Release */ = {
			isa = XCBuildConfiguration;
			buildSettings = {
				ALWAYS_EMBED_SWIFT_STANDARD_LIBRARIES = YES;
				CODE_SIGN_STYLE = Automatic;
				INFOPLIST_FILE = 101ListUITests/Info.plist;
				LD_RUNPATH_SEARCH_PATHS = (
					"$(inherited)",
					"@executable_path/Frameworks",
					"@loader_path/Frameworks",
				);
				PRODUCT_BUNDLE_IDENTIFIER = "StevenPersion.-01ListUITests";
				PRODUCT_NAME = "$(TARGET_NAME)";
				SWIFT_VERSION = 4.0;
				TARGETED_DEVICE_FAMILY = "1,2";
				TEST_TARGET_NAME = 101List;
			};
			name = Release;
		};
/* End XCBuildConfiguration section */

/* Begin XCConfigurationList section */
		B31E676D20BEE9DD006A4F0B /* Build configuration list for PBXProject "101List" */ = {
			isa = XCConfigurationList;
			buildConfigurations = (
				B31E679820BEE9E0006A4F0B /* Debug */,
				B31E679920BEE9E0006A4F0B /* Release */,
			);
			defaultConfigurationIsVisible = 0;
			defaultConfigurationName = Release;
		};
		B31E679A20BEE9E0006A4F0B /* Build configuration list for PBXNativeTarget "101List" */ = {
			isa = XCConfigurationList;
			buildConfigurations = (
				B31E679B20BEE9E0006A4F0B /* Debug */,
				B31E679C20BEE9E0006A4F0B /* Release */,
			);
			defaultConfigurationIsVisible = 0;
			defaultConfigurationName = Release;
		};
		B31E679D20BEE9E0006A4F0B /* Build configuration list for PBXNativeTarget "101ListTests" */ = {
			isa = XCConfigurationList;
			buildConfigurations = (
				B31E679E20BEE9E0006A4F0B /* Debug */,
				B31E679F20BEE9E0006A4F0B /* Release */,
			);
			defaultConfigurationIsVisible = 0;
			defaultConfigurationName = Release;
		};
		B31E67A020BEE9E0006A4F0B /* Build configuration list for PBXNativeTarget "101ListUITests" */ = {
			isa = XCConfigurationList;
			buildConfigurations = (
				B31E67A120BEE9E0006A4F0B /* Debug */,
				B31E67A220BEE9E0006A4F0B /* Release */,
			);
			defaultConfigurationIsVisible = 0;
			defaultConfigurationName = Release;
		};
/* End XCConfigurationList section */
	};
	rootObject = B31E676A20BEE9DD006A4F0B /* Project object */;
}
